
Microsoft Visual Studio Solution File, Format Version 12.00
# Visual Studio Version 16
VisualStudioVersion = 16.0.30225.117
MinimumVisualStudioVersion = 10.0.40219.1
Project("{FAE04EC0-301F-11D3-BF4B-00C04F79EFBC}") = "Exercicio 6 - MDC", "Exercicio 6 - MDC.csproj", "{511C1D45-EFDC-429B-88CE-69AEF523D8A1}"
EndProject
Global
	GlobalSection(SolutionConfigurationPlatforms) = preSolution
		Debug|Any CPU = Debug|Any CPU
		Release|Any CPU = Release|Any CPU
	EndGlobalSection
	GlobalSection(ProjectConfigurationPlatforms) = postSolution
		{511C1D45-EFDC-429B-88CE-69AEF523D8A1}.Debug|Any CPU.ActiveCfg = Debug|Any CPU
		{511C1D45-EFDC-429B-88CE-69AEF523D8A1}.Debug|Any CPU.Build.0 = Debug|Any CPU
		{511C1D45-EFDC-429B-88CE-69AEF523D8A1}.Release|Any CPU.ActiveCfg = Release|Any CPU
		{511C1D45-EFDC-429B-88CE-69AEF523D8A1}.Release|Any CPU.Build.0 = Release|Any CPU
	EndGlobalSection
	GlobalSection(SolutionProperties) = preSolution
		HideSolutionNode = FALSE
	EndGlobalSection
	GlobalSection(ExtensibilityGlobals) = postSolution
		SolutionGuid = {7A383C24-70D3-41F0-A5C3-0B27FAAAB2FB}
	EndGlobalSection
EndGlobal
